
Microsoft Visual Studio Solution File, Format Version 12.00
# Visual Studio Version 17
VisualStudioVersion = 17.6.33829.357
MinimumVisualStudioVersion = 10.0.40219.1
Project("{FAE04EC0-301F-11D3-BF4B-00C04F79EFBC}") = "ResponseGenerator", "ResponseGenerator.csproj", "{6C1ECEFD-8D04-4B00-AAEB-16AE3DD8F3BA}"
EndProject
Global
	GlobalSection(SolutionConfigurationPlatforms) = preSolution
		Debug|Any CPU = Debug|Any CPU
		Release|Any CPU = Release|Any CPU
	EndGlobalSection
	GlobalSection(ProjectConfigurationPlatforms) = postSolution
		{6C1ECEFD-8D04-4B00-AAEB-16AE3DD8F3BA}.Debug|Any CPU.ActiveCfg = Debug|Any CPU
		{6C1ECEFD-8D04-4B00-AAEB-16AE3DD8F3BA}.Debug|Any CPU.Build.0 = Debug|Any CPU
		{6C1ECEFD-8D04-4B00-AAEB-16AE3DD8F3BA}.Release|Any CPU.ActiveCfg = Release|Any CPU
		{6C1ECEFD-8D04-4B00-AAEB-16AE3DD8F3BA}.Release|Any CPU.Build.0 = Release|Any CPU
	EndGlobalSection
	GlobalSection(SolutionProperties) = preSolution
		HideSolutionNode = FALSE
	EndGlobalSection
	GlobalSection(ExtensibilityGlobals) = postSolution
		SolutionGuid = {148808EF-6984-4B91-9C5E-B330EAF113B5}
	EndGlobalSection
EndGlobal
